
Microsoft Visual Studio Solution File, Format Version 12.00
# Visual Studio Version 17
VisualStudioVersion = 17.3.32825.248
MinimumVisualStudioVersion = 10.0.40219.1
Project("{9A19103F-16F7-4668-BE54-9A1E7A4F7556}") = "Todo", "Todo.csproj", "{CF58F8C1-9F1F-462A-98BD-1EBF4A4D0C64}"
EndProject
Global
	GlobalSection(SolutionConfigurationPlatforms) = preSolution
		Debug|Any CPU = Debug|Any CPU
		Release|Any CPU = Release|Any CPU
	EndGlobalSection
	GlobalSection(ProjectConfigurationPlatforms) = postSolution
		{CF58F8C1-9F1F-462A-98BD-1EBF4A4D0C64}.Debug|Any CPU.ActiveCfg = Debug|Any CPU
		{CF58F8C1-9F1F-462A-98BD-1EBF4A4D0C64}.Debug|Any CPU.Build.0 = Debug|Any CPU
		{CF58F8C1-9F1F-462A-98BD-1EBF4A4D0C64}.Release|Any CPU.ActiveCfg = Release|Any CPU
		{CF58F8C1-9F1F-462A-98BD-1EBF4A4D0C64}.Release|Any CPU.Build.0 = Release|Any CPU
	EndGlobalSection
	GlobalSection(SolutionProperties) = preSolution
		HideSolutionNode = FALSE
	EndGlobalSection
	GlobalSection(ExtensibilityGlobals) = postSolution
		SolutionGuid = {A84D17BE-9E67-42ED-915A-B59A37E418AB}
	EndGlobalSection
EndGlobal
